// !$*UTF8*$!
{
	archiveVersion = 1;
	classes = {
	};
	objectVersion = 50;
	objects = {

/* Begin PBXBuildFile section */
		A681EB862625F2E100F90E25 /* AppDelegate.swift in Sources */ = {isa = PBXBuildFile; fileRef = A681EB852625F2E100F90E25 /* AppDelegate.swift */; };
		A681EB882625F2E100F90E25 /* SceneDelegate.swift in Sources */ = {isa = PBXBuildFile; fileRef = A681EB872625F2E100F90E25 /* SceneDelegate.swift */; };
		A681EB8A2625F2E100F90E25 /* ViewController.swift in Sources */ = {isa = PBXBuildFile; fileRef = A681EB892625F2E100F90E25 /* ViewController.swift */; };
		A681EB8D2625F2E100F90E25 /* Main.storyboard in Resources */ = {isa = PBXBuildFile; fileRef = A681EB8B2625F2E100F90E25 /* Main.storyboard */; };
		A681EB8F2625F2E400F90E25 /* Assets.xcassets in Resources */ = {isa = PBXBuildFile; fileRef = A681EB8E2625F2E400F90E25 /* Assets.xcassets */; };
		A681EB922625F2E400F90E25 /* LaunchScreen.storyboard in Resources */ = {isa = PBXBuildFile; fileRef = A681EB902625F2E400F90E25 /* LaunchScreen.storyboard */; };
		A681EB9C2625F78400F90E25 /* ImagePicker.swift in Sources */ = {isa = PBXBuildFile; fileRef = A681EB9B2625F78300F90E25 /* ImagePicker.swift */; };
		A681EBA22626233400F90E25 /* Editor.storyboard in Resources */ = {isa = PBXBuildFile; fileRef = A681EBA12626233400F90E25 /* Editor.storyboard */; };
		A681EBA52626236D00F90E25 /* EditorViewController.swift in Sources */ = {isa = PBXBuildFile; fileRef = A681EBA42626236D00F90E25 /* EditorViewController.swift */; };
		A681EBA826262C4200F90E25 /* ExtensionsUIColor.swift in Sources */ = {isa = PBXBuildFile; fileRef = A681EBA726262C4200F90E25 /* ExtensionsUIColor.swift */; };
/* End PBXBuildFile section */

/* Begin PBXFileReference section */
		A681EB822625F2E100F90E25 /* PhotoFiltrs.app */ = {isa = PBXFileReference; explicitFileType = wrapper.application; includeInIndex = 0; path = PhotoFiltrs.app; sourceTree = BUILT_PRODUCTS_DIR; };
		A681EB852625F2E100F90E25 /* AppDelegate.swift */ = {isa = PBXFileReference; lastKnownFileType = sourcecode.swift; path = AppDelegate.swift; sourceTree = "<group>"; };
		A681EB872625F2E100F90E25 /* SceneDelegate.swift */ = {isa = PBXFileReference; lastKnownFileType = sourcecode.swift; path = SceneDelegate.swift; sourceTree = "<group>"; };
		A681EB892625F2E100F90E25 /* ViewController.swift */ = {isa = PBXFileReference; lastKnownFileType = sourcecode.swift; path = ViewController.swift; sourceTree = "<group>"; };
		A681EB8C2625F2E100F90E25 /* Base */ = {isa = PBXFileReference; lastKnownFileType = file.storyboard; name = Base; path = Base.lproj/Main.storyboard; sourceTree = "<group>"; };
		A681EB8E2625F2E400F90E25 /* Assets.xcassets */ = {isa = PBXFileReference; lastKnownFileType = folder.assetcatalog; path = Assets.xcassets; sourceTree = "<group>"; };
		A681EB912625F2E400F90E25 /* Base */ = {isa = PBXFileReference; lastKnownFileType = file.storyboard; name = Base; path = Base.lproj/LaunchScreen.storyboard; sourceTree = "<group>"; };
		A681EB932625F2E400F90E25 /* Info.plist */ = {isa = PBXFileReference; lastKnownFileType = text.plist.xml; path = Info.plist; sourceTree = "<group>"; };
		A681EB9B2625F78300F90E25 /* ImagePicker.swift */ = {isa = PBXFileReference; lastKnownFileType = sourcecode.swift; path = ImagePicker.swift; sourceTree = "<group>"; };
		A681EBA12626233400F90E25 /* Editor.storyboard */ = {isa = PBXFileReference; lastKnownFileType = file.storyboard; path = Editor.storyboard; sourceTree = "<group>"; };
		A681EBA42626236D00F90E25 /* EditorViewController.swift */ = {isa = PBXFileReference; lastKnownFileType = sourcecode.swift; path = EditorViewController.swift; sourceTree = "<group>"; };
		A681EBA726262C4200F90E25 /* ExtensionsUIColor.swift */ = {isa = PBXFileReference; lastKnownFileType = sourcecode.swift; path = ExtensionsUIColor.swift; sourceTree = "<group>"; };
/* End PBXFileReference section */

/* Begin PBXFrameworksBuildPhase section */
		A681EB7F2625F2E100F90E25 /* Frameworks */ = {
			isa = PBXFrameworksBuildPhase;
			buildActionMask = 2147483647;
			files = (
			);
			runOnlyForDeploymentPostprocessing = 0;
		};
/* End PBXFrameworksBuildPhase section */

/* Begin PBXGroup section */
		A681EB792625F2E100F90E25 = {
			isa = PBXGroup;
			children = (
				A681EB842625F2E100F90E25 /* PhotoFiltrs */,
				A681EB832625F2E100F90E25 /* Products */,
			);
			sourceTree = "<group>";
		};
		A681EB832625F2E100F90E25 /* Products */ = {
			isa = PBXGroup;
			children = (
				A681EB822625F2E100F90E25 /* PhotoFiltrs.app */,
			);
			name = Products;
			sourceTree = "<group>";
		};
		A681EB842625F2E100F90E25 /* PhotoFiltrs */ = {
			isa = PBXGroup;
			children = (
				A681EBA0262622B800F90E25 /* Editor */,
				A681EB852625F2E100F90E25 /* AppDelegate.swift */,
				A681EB872625F2E100F90E25 /* SceneDelegate.swift */,
				A681EBA726262C4200F90E25 /* ExtensionsUIColor.swift */,
				A681EB892625F2E100F90E25 /* ViewController.swift */,
				A681EB9B2625F78300F90E25 /* ImagePicker.swift */,
				A681EB8B2625F2E100F90E25 /* Main.storyboard */,
				A681EB8E2625F2E400F90E25 /* Assets.xcassets */,
				A681EB902625F2E400F90E25 /* LaunchScreen.storyboard */,
				A681EB932625F2E400F90E25 /* Info.plist */,
			);
			path = PhotoFiltrs;
			sourceTree = "<group>";
		};
		A681EBA0262622B800F90E25 /* Editor */ = {
			isa = PBXGroup;
			children = (
				A681EBA12626233400F90E25 /* Editor.storyboard */,
				A681EBA42626236D00F90E25 /* EditorViewController.swift */,
			);
			path = Editor;
			sourceTree = "<group>";
		};
/* End PBXGroup section */

/* Begin PBXNativeTarget section */
		A681EB812625F2E100F90E25 /* PhotoFiltrs */ = {
			isa = PBXNativeTarget;
			buildConfigurationList = A681EB962625F2E400F90E25 /* Build configuration list for PBXNativeTarget "PhotoFiltrs" */;
			buildPhases = (
				A681EB7E2625F2E100F90E25 /* Sources */,
				A681EB7F2625F2E100F90E25 /* Frameworks */,
				A681EB802625F2E100F90E25 /* Resources */,
			);
			buildRules = (
			);
			dependencies = (
			);
			name = PhotoFiltrs;
			productName = PhotoFiltrs;
			productReference = A681EB822625F2E100F90E25 /* PhotoFiltrs.app */;
			productType = "com.apple.product-type.application";
		};
/* End PBXNativeTarget section */

/* Begin PBXProject section */
		A681EB7A2625F2E100F90E25 /* Project object */ = {
			isa = PBXProject;
			attributes = {
				LastSwiftUpdateCheck = 1240;
				LastUpgradeCheck = 1240;
				TargetAttributes = {
					A681EB812625F2E100F90E25 = {
						CreatedOnToolsVersion = 12.4;
					};
				};
			};
			buildConfigurationList = A681EB7D2625F2E100F90E25 /* Build configuration list for PBXProject "PhotoFiltrs" */;
			compatibilityVersion = "Xcode 9.3";
			developmentRegion = en;
			hasScannedForEncodings = 0;
			knownRegions = (
				en,
				Base,
			);
			mainGroup = A681EB792625F2E100F90E25;
			productRefGroup = A681EB832625F2E100F90E25 /* Products */;
			projectDirPath = "";
			projectRoot = "";
			targets = (
				A681EB812625F2E100F90E25 /* PhotoFiltrs */,
			);
		};
/* End PBXProject section */

/* Begin PBXResourcesBuildPhase section */
		A681EB802625F2E100F90E25 /* Resources */ = {
			isa = PBXResourcesBuildPhase;
			buildActionMask = 2147483647;
			files = (
				A681EB922625F2E400F90E25 /* LaunchScreen.storyboard in Resources */,
				A681EB8F2625F2E400F90E25 /* Assets.xcassets in Resources */,
				A681EB8D2625F2E100F90E25 /* Main.storyboard in Resources */,
				A681EBA22626233400F90E25 /* Editor.storyboard in Resources */,
			);
			runOnlyForDeploymentPostprocessing = 0;
		};
/* End PBXResourcesBuildPhase section */

/* Begin PBXSourcesBuildPhase section */
		A681EB7E2625F2E100F90E25 /* Sources */ = {
			isa = PBXSourcesBuildPhase;
			buildActionMask = 2147483647;
			files = (
				A681EB8A2625F2E100F90E25 /* ViewController.swift in Sources */,
				A681EB9C2625F78400F90E25 /* ImagePicker.swift in Sources */,
				A681EB862625F2E100F90E25 /* AppDelegate.swift in Sources */,
				A681EBA52626236D00F90E25 /* EditorViewController.swift in Sources */,
				A681EB882625F2E100F90E25 /* SceneDelegate.swift in Sources */,
				A681EBA826262C4200F90E25 /* ExtensionsUIColor.swift in Sources */,
			);
			runOnlyForDeploymentPostprocessing = 0;
		};
/* End PBXSourcesBuildPhase section */

/* Begin PBXVariantGroup section */
		A681EB8B2625F2E100F90E25 /* Main.storyboard */ = {
			isa = PBXVariantGroup;
			children = (
				A681EB8C2625F2E100F90E25 /* Base */,
			);
			name = Main.storyboard;
			sourceTree = "<group>";
		};
		A681EB902625F2E400F90E25 /* LaunchScreen.storyboard */ = {
			isa = PBXVariantGroup;
			children = (
				A681EB912625F2E400F90E25 /* Base */,
			);
			name = LaunchScreen.storyboard;
			sourceTree = "<group>";
		};
/* End PBXVariantGroup section */

/* Begin XCBuildConfiguration section */
		A681EB942625F2E400F90E25 /* Debug */ = {
			isa = XCBuildConfiguration;
			buildSettings = {
				ALWAYS_SEARCH_USER_PATHS = NO;
				CLANG_ANALYZER_NONNULL = YES;
				CLANG_ANALYZER_NUMBER_OBJECT_CONVERSION = YES_AGGRESSIVE;
				CLANG_CXX_LANGUAGE_STANDARD = "gnu++14";
				CLANG_CXX_LIBRARY = "libc++";
				CLANG_ENABLE_MODULES = YES;
				CLANG_ENABLE_OBJC_ARC = YES;
				CLANG_ENABLE_OBJC_WEAK = YES;
				CLANG_WARN_BLOCK_CAPTURE_AUTORELEASING = YES;
				CLANG_WARN_BOOL_CONVERSION = YES;
				CLANG_WARN_COMMA = YES;
				CLANG_WARN_CONSTANT_CONVERSION = YES;
				CLANG_WARN_DEPRECATED_OBJC_IMPLEMENTATIONS = YES;
				CLANG_WARN_DIRECT_OBJC_ISA_USAGE = YES_ERROR;
				CLANG_WARN_DOCUMENTATION_COMMENTS = YES;
				CLANG_WARN_EMPTY_BODY = YES;
				CLANG_WARN_ENUM_CONVERSION = YES;
				CLANG_WARN_INFINITE_RECURSION = YES;
				CLANG_WARN_INT_CONVERSION = YES;
				CLANG_WARN_NON_LITERAL_NULL_CONVERSION = YES;
				CLANG_WARN_OBJC_IMPLICIT_RETAIN_SELF = YES;
				CLANG_WARN_OBJC_LITERAL_CONVERSION = YES;
				CLANG_WARN_OBJC_ROOT_CLASS = YES_ERROR;
				CLANG_WARN_QUOTED_INCLUDE_IN_FRAMEWORK_HEADER = YES;
				CLANG_WARN_RANGE_LOOP_ANALYSIS = YES;
				CLANG_WARN_STRICT_PROTOTYPES = YES;
				CLANG_WARN_SUSPICIOUS_MOVE = YES;
				CLANG_WARN_UNGUARDED_AVAILABILITY = YES_AGGRESSIVE;
				CLANG_WARN_UNREACHABLE_CODE = YES;
				CLANG_WARN__DUPLICATE_METHOD_MATCH = YES;
				COPY_PHASE_STRIP = NO;
				DEBUG_INFORMATION_FORMAT = dwarf;
				ENABLE_STRICT_OBJC_MSGSEND = YES;
				ENABLE_TESTABILITY = YES;
				GCC_C_LANGUAGE_STANDARD = gnu11;
				GCC_DYNAMIC_NO_PIC = NO;
				GCC_NO_COMMON_BLOCKS = YES;
				GCC_OPTIMIZATION_LEVEL = 0;
				GCC_PREPROCESSOR_DEFINITIONS = (
					"DEBUG=1",
					"$(inherited)",
				);
				GCC_WARN_64_TO_32_BIT_CONVERSION = YES;
				GCC_WARN_ABOUT_RETURN_TYPE = YES_ERROR;
				GCC_WARN_UNDECLARED_SELECTOR = YES;
				GCC_WARN_UNINITIALIZED_AUTOS = YES_AGGRESSIVE;
				GCC_WARN_UNUSED_FUNCTION = YES;
				GCC_WARN_UNUSED_VARIABLE = YES;
				IPHONEOS_DEPLOYMENT_TARGET = 14.4;
				MTL_ENABLE_DEBUG_INFO = INCLUDE_SOURCE;
				MTL_FAST_MATH = YES;
				ONLY_ACTIVE_ARCH = YES;
				SDKROOT = iphoneos;
				SWIFT_ACTIVE_COMPILATION_CONDITIONS = DEBUG;
				SWIFT_OPTIMIZATION_LEVEL = "-Onone";
			};
			name = Debug;
		};
		A681EB952625F2E400F90E25 /* Release */ = {
			isa = XCBuildConfiguration;
			buildSettings = {
				ALWAYS_SEARCH_USER_PATHS = NO;
				CLANG_ANALYZER_NONNULL = YES;
				CLANG_ANALYZER_NUMBER_OBJECT_CONVERSION = YES_AGGRESSIVE;
				CLANG_CXX_LANGUAGE_STANDARD = "gnu++14";
				CLANG_CXX_LIBRARY = "libc++";
				CLANG_ENABLE_MODULES = YES;
				CLANG_ENABLE_OBJC_ARC = YES;
				CLANG_ENABLE_OBJC_WEAK = YES;
				CLANG_WARN_BLOCK_CAPTURE_AUTORELEASING = YES;
				CLANG_WARN_BOOL_CONVERSION = YES;
				CLANG_WARN_COMMA = YES;
				CLANG_WARN_CONSTANT_CONVERSION = YES;
				CLANG_WARN_DEPRECATED_OBJC_IMPLEMENTATIONS = YES;
				CLANG_WARN_DIRECT_OBJC_ISA_USAGE = YES_ERROR;
				CLANG_WARN_DOCUMENTATION_COMMENTS = YES;
				CLANG_WARN_EMPTY_BODY = YES;
				CLANG_WARN_ENUM_CONVERSION = YES;
				CLANG_WARN_INFINITE_RECURSION = YES;
				CLANG_WARN_INT_CONVERSION = YES;
				CLANG_WARN_NON_LITERAL_NULL_CONVERSION = YES;
				CLANG_WARN_OBJC_IMPLICIT_RETAIN_SELF = YES;
				CLANG_WARN_OBJC_LITERAL_CONVERSION = YES;
				CLANG_WARN_OBJC_ROOT_CLASS = YES_ERROR;
				CLANG_WARN_QUOTED_INCLUDE_IN_FRAMEWORK_HEADER = YES;
				CLANG_WARN_RANGE_LOOP_ANALYSIS = YES;
				CLANG_WARN_STRICT_PROTOTYPES = YES;
				CLANG_WARN_SUSPICIOUS_MOVE = YES;
				CLANG_WARN_UNGUARDED_AVAILABILITY = YES_AGGRESSIVE;
				CLANG_WARN_UNREACHABLE_CODE = YES;
				CLANG_WARN__DUPLICATE_METHOD_MATCH = YES;
				COPY_PHASE_STRIP = NO;
				DEBUG_INFORMATION_FORMAT = "dwarf-with-dsym";
				ENABLE_NS_ASSERTIONS = NO;
				ENABLE_STRICT_OBJC_MSGSEND = YES;
				GCC_C_LANGUAGE_STANDARD = gnu11;
				GCC_NO_COMMON_BLOCKS = YES;
				GCC_WARN_64_TO_32_BIT_CONVERSION = YES;
				GCC_WARN_ABOUT_RETURN_TYPE = YES_ERROR;
				GCC_WARN_UNDECLARED_SELECTOR = YES;
				GCC_WARN_UNINITIALIZED_AUTOS = YES_AGGRESSIVE;
				GCC_WARN_UNUSED_FUNCTION = YES;
				GCC_WARN_UNUSED_VARIABLE = YES;
				IPHONEOS_DEPLOYMENT_TARGET = 14.4;
				MTL_ENABLE_DEBUG_INFO = NO;
				MTL_FAST_MATH = YES;
				SDKROOT = iphoneos;
				SWIFT_COMPILATION_MODE = wholemodule;
				SWIFT_OPTIMIZATION_LEVEL = "-O";
				VALIDATE_PRODUCT = YES;
			};
			name = Release;
		};
		A681EB972625F2E400F90E25 /* Debug */ = {
			isa = XCBuildConfiguration;
			buildSettings = {
				ASSETCATALOG_COMPILER_APPICON_NAME = AppIcon;
				ASSETCATALOG_COMPILER_GLOBAL_ACCENT_COLOR_NAME = AccentColor;
				CODE_SIGN_STYLE = Automatic;
				DEVELOPMENT_TEAM = 9Y94J8V38R;
				INFOPLIST_FILE = PhotoFiltrs/Info.plist;
				LD_RUNPATH_SEARCH_PATHS = (
					"$(inherited)",
					"@executable_path/Frameworks",
				);
				PRODUCT_BUNDLE_IDENTIFIER = .PhotoFiltrs;
				PRODUCT_NAME = "$(TARGET_NAME)";
				SWIFT_VERSION = 5.0;
				TARGETED_DEVICE_FAMILY = "1,2";
			};
			name = Debug;
		};
		A681EB982625F2E400F90E25 /* Release */ = {
			isa = XCBuildConfiguration;
			buildSettings = {
				ASSETCATALOG_COMPILER_APPICON_NAME = AppIcon;
				ASSETCATALOG_COMPILER_GLOBAL_ACCENT_COLOR_NAME = AccentColor;
				CODE_SIGN_STYLE = Automatic;
				DEVELOPMENT_TEAM = 9Y94J8V38R;
				INFOPLIST_FILE = PhotoFiltrs/Info.plist;
				LD_RUNPATH_SEARCH_PATHS = (
					"$(inherited)",
					"@executable_path/Frameworks",
				);
				PRODUCT_BUNDLE_IDENTIFIER = .PhotoFiltrs;
				PRODUCT_NAME = "$(TARGET_NAME)";
				SWIFT_VERSION = 5.0;
				TARGETED_DEVICE_FAMILY = "1,2";
			};
			name = Release;
		};
/* End XCBuildConfiguration section */

/* Begin XCConfigurationList section */
		A681EB7D2625F2E100F90E25 /* Build configuration list for PBXProject "PhotoFiltrs" */ = {
			isa = XCConfigurationList;
			buildConfigurations = (
				A681EB942625F2E400F90E25 /* Debug */,
				A681EB952625F2E400F90E25 /* Release */,
			);
			defaultConfigurationIsVisible = 0;
			defaultConfigurationName = Release;
		};
		A681EB962625F2E400F90E25 /* Build configuration list for PBXNativeTarget "PhotoFiltrs" */ = {
			isa = XCConfigurationList;
			buildConfigurations = (
				A681EB972625F2E400F90E25 /* Debug */,
				A681EB982625F2E400F90E25 /* Release */,
			);
			defaultConfigurationIsVisible = 0;
			defaultConfigurationName = Release;
		};
/* End XCConfigurationList section */
	};
	rootObject = A681EB7A2625F2E100F90E25 /* Project object */;
}
